
Microsoft Visual Studio Solution File, Format Version 12.00
# Visual Studio Version 16
VisualStudioVersion = 16.0.29509.3
MinimumVisualStudioVersion = 10.0.40219.1
Project("{FAE04EC0-301F-11D3-BF4B-00C04F79EFBC}") = "ViridianTester", "ViridianTester\ViridianTester.csproj", "{83FCB382-934C-4F25-92E6-B36B3D9238BD}"
EndProject
Project("{2150E333-8FDC-42A3-9474-1A3956D46DE8}") = "Info", "Info", "{DFD333C0-4FD9-4E59-B63E-1537FC816C8F}"
	ProjectSection(SolutionItems) = preProject
		LICENSE = LICENSE
		README.md = README.md
	EndProjectSection
EndProject
Project("{FAE04EC0-301F-11D3-BF4B-00C04F79EFBC}") = "Viridian", "Viridian\Viridian.csproj", "{8D0323A7-A3B7-4691-8B52-326F03478F74}"
EndProject
Project("{9A19103F-16F7-4668-BE54-9A1E7A4F7556}") = "HypedClient", "HypedClient\HypedClient.csproj", "{2DF555C9-2809-460F-AAD5-B17259A11AEE}"
	ProjectSection(ProjectDependencies) = postProject
		{8D0323A7-A3B7-4691-8B52-326F03478F74} = {8D0323A7-A3B7-4691-8B52-326F03478F74}
	EndProjectSection
EndProject
Project("{9A19103F-16F7-4668-BE54-9A1E7A4F7556}") = "BackEndAPI", "BackEnd\BackEndAPI\BackEndAPI.csproj", "{678D9448-B56D-40CA-B21B-34B38EF42290}"
EndProject
Project("{2150E333-8FDC-42A3-9474-1A3956D46DE8}") = "Documentation", "Documentation", "{AA315399-0D78-406D-8EC7-9F7C9473765F}"
EndProject
Project("{2150E333-8FDC-42A3-9474-1A3956D46DE8}") = "Backend", "Backend", "{DB13622D-5B08-463E-A8B6-5E5B5F3DABE4}"
	ProjectSection(SolutionItems) = preProject
		Documentation\Backend\BackEnd = Documentation\Backend\BackEnd
	EndProjectSection
EndProject
Project("{2150E333-8FDC-42A3-9474-1A3956D46DE8}") = "FrontEnd", "FrontEnd", "{E8FEDB6F-5C0F-44DE-B1F6-72FBDC22D74A}"
	ProjectSection(SolutionItems) = preProject
		Documentation\FrontEnd\FrontEnd = Documentation\FrontEnd\FrontEnd
	EndProjectSection
EndProject
Project("{2150E333-8FDC-42A3-9474-1A3956D46DE8}") = "Viridian", "Viridian", "{FDE01B7A-1B31-4A40-AE84-84ADBF054455}"
	ProjectSection(SolutionItems) = preProject
		Documentation\Viridian\Automatic OS Installation ISO Creation.pdf = Documentation\Viridian\Automatic OS Installation ISO Creation.pdf
		Documentation\Viridian\OS Automatic Installation.pdf = Documentation\Viridian\OS Automatic Installation.pdf
		Documentation\Viridian\Viridian = Documentation\Viridian\Viridian
	EndProjectSection
EndProject
Global
	GlobalSection(SolutionConfigurationPlatforms) = preSolution
		Debug|Any CPU = Debug|Any CPU
		Release|Any CPU = Release|Any CPU
	EndGlobalSection
	GlobalSection(ProjectConfigurationPlatforms) = postSolution
		{83FCB382-934C-4F25-92E6-B36B3D9238BD}.Debug|Any CPU.ActiveCfg = Debug|Any CPU
		{83FCB382-934C-4F25-92E6-B36B3D9238BD}.Debug|Any CPU.Build.0 = Debug|Any CPU
		{83FCB382-934C-4F25-92E6-B36B3D9238BD}.Release|Any CPU.ActiveCfg = Release|Any CPU
		{83FCB382-934C-4F25-92E6-B36B3D9238BD}.Release|Any CPU.Build.0 = Release|Any CPU
		{8D0323A7-A3B7-4691-8B52-326F03478F74}.Debug|Any CPU.ActiveCfg = Debug|Any CPU
		{8D0323A7-A3B7-4691-8B52-326F03478F74}.Debug|Any CPU.Build.0 = Debug|Any CPU
		{8D0323A7-A3B7-4691-8B52-326F03478F74}.Release|Any CPU.ActiveCfg = Release|Any CPU
		{8D0323A7-A3B7-4691-8B52-326F03478F74}.Release|Any CPU.Build.0 = Release|Any CPU
		{2DF555C9-2809-460F-AAD5-B17259A11AEE}.Debug|Any CPU.ActiveCfg = Debug|Any CPU
		{2DF555C9-2809-460F-AAD5-B17259A11AEE}.Debug|Any CPU.Build.0 = Debug|Any CPU
		{2DF555C9-2809-460F-AAD5-B17259A11AEE}.Release|Any CPU.ActiveCfg = Release|Any CPU
		{2DF555C9-2809-460F-AAD5-B17259A11AEE}.Release|Any CPU.Build.0 = Release|Any CPU
		{678D9448-B56D-40CA-B21B-34B38EF42290}.Debug|Any CPU.ActiveCfg = Debug|Any CPU
		{678D9448-B56D-40CA-B21B-34B38EF42290}.Debug|Any CPU.Build.0 = Debug|Any CPU
		{678D9448-B56D-40CA-B21B-34B38EF42290}.Release|Any CPU.ActiveCfg = Release|Any CPU
		{678D9448-B56D-40CA-B21B-34B38EF42290}.Release|Any CPU.Build.0 = Release|Any CPU
	EndGlobalSection
	GlobalSection(SolutionProperties) = preSolution
		HideSolutionNode = FALSE
	EndGlobalSection
	GlobalSection(NestedProjects) = preSolution
		{DB13622D-5B08-463E-A8B6-5E5B5F3DABE4} = {AA315399-0D78-406D-8EC7-9F7C9473765F}
		{E8FEDB6F-5C0F-44DE-B1F6-72FBDC22D74A} = {AA315399-0D78-406D-8EC7-9F7C9473765F}
		{FDE01B7A-1B31-4A40-AE84-84ADBF054455} = {AA315399-0D78-406D-8EC7-9F7C9473765F}
	EndGlobalSection
	GlobalSection(ExtensibilityGlobals) = postSolution
		SolutionGuid = {D5662AB2-6F18-4CA8-AB41-9A9400DA7E41}
	EndGlobalSection
EndGlobal
