
Microsoft Visual Studio Solution File, Format Version 12.00
# Visual Studio Version 16
VisualStudioVersion = 16.0.29519.87
MinimumVisualStudioVersion = 10.0.40219.1
Project("{FAE04EC0-301F-11D3-BF4B-00C04F79EFBC}") = "Models", "UserModel\Models.csproj", "{A2623BC4-12D1-41D5-8A19-C383C6E5A65A}"
EndProject
Project("{FAE04EC0-301F-11D3-BF4B-00C04F79EFBC}") = "BackEndAPI", "BackEndAPI\BackEndAPI.csproj", "{D86CAEAA-AA0D-483C-9B34-E9D147254EA1}"
EndProject
Global
	GlobalSection(SolutionConfigurationPlatforms) = preSolution
		Debug|Any CPU = Debug|Any CPU
		Release|Any CPU = Release|Any CPU
	EndGlobalSection
	GlobalSection(ProjectConfigurationPlatforms) = postSolution
		{A2623BC4-12D1-41D5-8A19-C383C6E5A65A}.Debug|Any CPU.ActiveCfg = Debug|Any CPU
		{A2623BC4-12D1-41D5-8A19-C383C6E5A65A}.Debug|Any CPU.Build.0 = Debug|Any CPU
		{A2623BC4-12D1-41D5-8A19-C383C6E5A65A}.Release|Any CPU.ActiveCfg = Release|Any CPU
		{A2623BC4-12D1-41D5-8A19-C383C6E5A65A}.Release|Any CPU.Build.0 = Release|Any CPU
		{D86CAEAA-AA0D-483C-9B34-E9D147254EA1}.Debug|Any CPU.ActiveCfg = Debug|Any CPU
		{D86CAEAA-AA0D-483C-9B34-E9D147254EA1}.Debug|Any CPU.Build.0 = Debug|Any CPU
		{D86CAEAA-AA0D-483C-9B34-E9D147254EA1}.Release|Any CPU.ActiveCfg = Release|Any CPU
		{D86CAEAA-AA0D-483C-9B34-E9D147254EA1}.Release|Any CPU.Build.0 = Release|Any CPU
	EndGlobalSection
	GlobalSection(SolutionProperties) = preSolution
		HideSolutionNode = FALSE
	EndGlobalSection
	GlobalSection(ExtensibilityGlobals) = postSolution
		SolutionGuid = {082DC2B2-919E-414A-8817-C4C3D9874A7C}
	EndGlobalSection
EndGlobal
